<Solution>
  <Folder Name="/src/">
    <Project Path="src/OrderManagement.Api/OrderManagement.Api.csproj" />
  </Folder>
  <Folder Name="/src/Modules/" />
  <Folder Name="/src/Modules/Inventory/">
    <Project Path="src/Modules/Inventory/OrderManagement.Modules.Inventory.Application/OrderManagement.Modules.Inventory.Application.csproj" />
    <Project Path="src/Modules/Inventory/OrderManagement.Modules.Inventory.Domain/OrderManagement.Modules.Inventory.Domain.csproj" />
    <Project Path="src/Modules/Inventory/OrderManagement.Modules.Inventory.Infrastructure/OrderManagement.Modules.Inventory.Infrastructure.csproj" />
  </Folder>
  <Folder Name="/src/Modules/Orders/">
    <Project Path="src/Modules/Orders/OrderManagement.Modules.Orders.Application/OrderManagement.Modules.Orders.Application.csproj" />
    <Project Path="src/Modules/Orders/OrderManagement.Modules.Orders.Domain/OrderManagement.Modules.Orders.Domain.csproj" />
    <Project Path="src/Modules/Orders/OrderManagement.Modules.Orders.Infrastructure/OrderManagement.Modules.Orders.Infrastructure.csproj" />
  </Folder>
  <Folder Name="/src/Modules/Products/">
    <Project Path="src/Modules/Products/OrderManagement.Modules.Products.Application/OrderManagement.Modules.Products.Application.csproj" />
    <Project Path="src/Modules/Products/OrderManagement.Modules.Products.Domain/OrderManagement.Modules.Products.Domain.csproj" />
    <Project Path="src/Modules/Products/OrderManagement.Modules.Products.Infrastructure/OrderManagement.Modules.Products.Infrastructure.csproj" />
  </Folder>
  <Folder Name="/tests/">
    <Project Path="tests/OrderManagement.Modules.Inventory.UnitTests/OrderManagement.Modules.Inventory.UnitTests.csproj" />
    <Project Path="tests/OrderManagement.Modules.Orders.UnitTests/OrderManagement.Modules.Orders.UnitTests.csproj" />
    <Project Path="tests/OrderManagement.Modules.Products.UnitTests/OrderManagement.Modules.Products.UnitTests.csproj" />
  </Folder>
</Solution>
